
Microsoft Visual Studio Solution File, Format Version 12.00
# Visual Studio Version 17
VisualStudioVersion = 17.1.32414.318
MinimumVisualStudioVersion = 10.0.40219.1
Project("{FAE04EC0-301F-11D3-BF4B-00C04F79EFBC}") = "EmployeeWage", "EmployeeWage\EmployeeWage.csproj", "{7845CCDE-1036-4020-AC34-F81BD091CECB}"
EndProject
Global
	GlobalSection(SolutionConfigurationPlatforms) = preSolution
		Debug|Any CPU = Debug|Any CPU
		Release|Any CPU = Release|Any CPU
	EndGlobalSection
	GlobalSection(ProjectConfigurationPlatforms) = postSolution
		{7845CCDE-1036-4020-AC34-F81BD091CECB}.Debug|Any CPU.ActiveCfg = Debug|Any CPU
		{7845CCDE-1036-4020-AC34-F81BD091CECB}.Debug|Any CPU.Build.0 = Debug|Any CPU
		{7845CCDE-1036-4020-AC34-F81BD091CECB}.Release|Any CPU.ActiveCfg = Release|Any CPU
		{7845CCDE-1036-4020-AC34-F81BD091CECB}.Release|Any CPU.Build.0 = Release|Any CPU
	EndGlobalSection
	GlobalSection(SolutionProperties) = preSolution
		HideSolutionNode = FALSE
	EndGlobalSection
	GlobalSection(ExtensibilityGlobals) = postSolution
		SolutionGuid = {7C0FBB0D-7633-4CF3-80DF-70B6E015A130}
	EndGlobalSection
EndGlobal
